
Microsoft Visual Studio Solution File, Format Version 12.00
# Visual Studio 2013
VisualStudioVersion = 12.0.40629.0
MinimumVisualStudioVersion = 10.0.40219.1
Project("{FAE04EC0-301F-11D3-BF4B-00C04F79EFBC}") = "Motion Primitive", "Motion Primitive.csproj", "{F88D3063-8192-4089-8122-834EB8D33EC1}"
EndProject
Project("{2150E333-8FDC-42A3-9474-1A3956D46DE8}") = "Solution Items", "Solution Items", "{39ABC326-CCF6-401C-B88C-76C88C18004D}"
EndProject
Global
	GlobalSection(SolutionConfigurationPlatforms) = preSolution
		Debug|Any CPU = Debug|Any CPU
		Release|Any CPU = Release|Any CPU
	EndGlobalSection
	GlobalSection(ProjectConfigurationPlatforms) = postSolution
		{F88D3063-8192-4089-8122-834EB8D33EC1}.Debug|Any CPU.ActiveCfg = Debug|Any CPU
		{F88D3063-8192-4089-8122-834EB8D33EC1}.Debug|Any CPU.Build.0 = Debug|Any CPU
		{F88D3063-8192-4089-8122-834EB8D33EC1}.Release|Any CPU.ActiveCfg = Release|Any CPU
		{F88D3063-8192-4089-8122-834EB8D33EC1}.Release|Any CPU.Build.0 = Release|Any CPU
	EndGlobalSection
	GlobalSection(SolutionProperties) = preSolution
		HideSolutionNode = FALSE
	EndGlobalSection
EndGlobal
